
Microsoft Visual Studio Solution File, Format Version 12.00
# Visual Studio Version 17
VisualStudioVersion = 17.8.34525.116
MinimumVisualStudioVersion = 10.0.40219.1
Project("{FAE04EC0-301F-11D3-BF4B-00C04F79EFBC}") = "Rm231101_Rm231026", "Rm231101_Rm231026\Rm231101_Rm231026.csproj", "{0D1E364E-5EFA-4CB7-BA86-3964264C191B}"
EndProject
Global
	GlobalSection(SolutionConfigurationPlatforms) = preSolution
		Debug|Any CPU = Debug|Any CPU
		Release|Any CPU = Release|Any CPU
	EndGlobalSection
	GlobalSection(ProjectConfigurationPlatforms) = postSolution
		{0D1E364E-5EFA-4CB7-BA86-3964264C191B}.Debug|Any CPU.ActiveCfg = Debug|Any CPU
		{0D1E364E-5EFA-4CB7-BA86-3964264C191B}.Debug|Any CPU.Build.0 = Debug|Any CPU
		{0D1E364E-5EFA-4CB7-BA86-3964264C191B}.Release|Any CPU.ActiveCfg = Release|Any CPU
		{0D1E364E-5EFA-4CB7-BA86-3964264C191B}.Release|Any CPU.Build.0 = Release|Any CPU
	EndGlobalSection
	GlobalSection(SolutionProperties) = preSolution
		HideSolutionNode = FALSE
	EndGlobalSection
	GlobalSection(ExtensibilityGlobals) = postSolution
		SolutionGuid = {FCE3EDE6-3CD6-4E0F-9F5F-BAB23F3A9F52}
	EndGlobalSection
EndGlobal
